// !$*UTF8*$!
{
	archiveVersion = 1;
	classes = {
	};
	objectVersion = 77;
	objects = {

/* Begin PBXContainerItemProxy section */
		767A9C332D13B9B100D1B21E /* PBXContainerItemProxy */ = {
			isa = PBXContainerItemProxy;
			containerPortal = 767A9C152D13B9AF00D1B21E /* Project object */;
			proxyType = 1;
			remoteGlobalIDString = 767A9C1C2D13B9AF00D1B21E;
			remoteInfo = CCM;
		};
		767A9C3D2D13B9B100D1B21E /* PBXContainerItemProxy */ = {
			isa = PBXContainerItemProxy;
			containerPortal = 767A9C152D13B9AF00D1B21E /* Project object */;
			proxyType = 1;
			remoteGlobalIDString = 767A9C1C2D13B9AF00D1B21E;
			remoteInfo = CCM;
		};
/* End PBXContainerItemProxy section */

/* Begin PBXFileReference section */
		767A9C1D2D13B9AF00D1B21E /* CCM.app */ = {isa = PBXFileReference; explicitFileType = wrapper.application; includeInIndex = 0; path = CCM.app; sourceTree = BUILT_PRODUCTS_DIR; };
		767A9C322D13B9B100D1B21E /* CCMTests.xctest */ = {isa = PBXFileReference; explicitFileType = wrapper.cfbundle; includeInIndex = 0; path = CCMTests.xctest; sourceTree = BUILT_PRODUCTS_DIR; };
		767A9C3C2D13B9B100D1B21E /* CCMUITests.xctest */ = {isa = PBXFileReference; explicitFileType = wrapper.cfbundle; includeInIndex = 0; path = CCMUITests.xctest; sourceTree = BUILT_PRODUCTS_DIR; };
/* End PBXFileReference section */

/* Begin PBXFileSystemSynchronizedRootGroup section */
		767A9C1F2D13B9AF00D1B21E /* CCM */ = {
			isa = PBXFileSystemSynchronizedRootGroup;
			path = CCM;
			sourceTree = "<group>";
		};
		767A9C352D13B9B100D1B21E /* CCMTests */ = {
			isa = PBXFileSystemSynchronizedRootGroup;
			path = CCMTests;
			sourceTree = "<group>";
		};
		767A9C3F2D13B9B100D1B21E /* CCMUITests */ = {
			isa = PBXFileSystemSynchronizedRootGroup;
			path = CCMUITests;
			sourceTree = "<group>";
		};
/* End PBXFileSystemSynchronizedRootGroup section */

/* Begin PBXFrameworksBuildPhase section */
		767A9C1A2D13B9AF00D1B21E /* Frameworks */ = {
			isa = PBXFrameworksBuildPhase;
			buildActionMask = 2147483647;
			files = (
			);
			runOnlyForDeploymentPostprocessing = 0;
		};
		767A9C2F2D13B9B100D1B21E /* Frameworks */ = {
			isa = PBXFrameworksBuildPhase;
			buildActionMask = 2147483647;
			files = (
			);
			runOnlyForDeploymentPostprocessing = 0;
		};
		767A9C392D13B9B100D1B21E /* Frameworks */ = {
			isa = PBXFrameworksBuildPhase;
			buildActionMask = 2147483647;
			files = (
			);
			runOnlyForDeploymentPostprocessing = 0;
		};
/* End PBXFrameworksBuildPhase section */

/* Begin PBXGroup section */
		767A9C142D13B9AF00D1B21E = {
			isa = PBXGroup;
			children = (
				767A9C1F2D13B9AF00D1B21E /* CCM */,
				767A9C352D13B9B100D1B21E /* CCMTests */,
				767A9C3F2D13B9B100D1B21E /* CCMUITests */,
				767A9C1E2D13B9AF00D1B21E /* Products */,
			);
			sourceTree = "<group>";
		};
		767A9C1E2D13B9AF00D1B21E /* Products */ = {
			isa = PBXGroup;
			children = (
				767A9C1D2D13B9AF00D1B21E /* CCM.app */,
				767A9C322D13B9B100D1B21E /* CCMTests.xctest */,
				767A9C3C2D13B9B100D1B21E /* CCMUITests.xctest */,
			);
			name = Products;
			sourceTree = "<group>";
		};
/* End PBXGroup section */

/* Begin PBXNativeTarget section */
		767A9C1C2D13B9AF00D1B21E /* CCM */ = {
			isa = PBXNativeTarget;
			buildConfigurationList = 767A9C462D13B9B100D1B21E /* Build configuration list for PBXNativeTarget "CCM" */;
			buildPhases = (
				767A9C192D13B9AF00D1B21E /* Sources */,
				767A9C1A2D13B9AF00D1B21E /* Frameworks */,
				767A9C1B2D13B9AF00D1B21E /* Resources */,
			);
			buildRules = (
			);
			dependencies = (
			);
			fileSystemSynchronizedGroups = (
				767A9C1F2D13B9AF00D1B21E /* CCM */,
			);
			name = CCM;
			packageProductDependencies = (
			);
			productName = CCM;
			productReference = 767A9C1D2D13B9AF00D1B21E /* CCM.app */;
			productType = "com.apple.product-type.application";
		};
		767A9C312D13B9B100D1B21E /* CCMTests */ = {
			isa = PBXNativeTarget;
			buildConfigurationList = 767A9C492D13B9B100D1B21E /* Build configuration list for PBXNativeTarget "CCMTests" */;
			buildPhases = (
				767A9C2E2D13B9B100D1B21E /* Sources */,
				767A9C2F2D13B9B100D1B21E /* Frameworks */,
				767A9C302D13B9B100D1B21E /* Resources */,
			);
			buildRules = (
			);
			dependencies = (
				767A9C342D13B9B100D1B21E /* PBXTargetDependency */,
			);
			fileSystemSynchronizedGroups = (
				767A9C352D13B9B100D1B21E /* CCMTests */,
			);
			name = CCMTests;
			packageProductDependencies = (
			);
			productName = CCMTests;
			productReference = 767A9C322D13B9B100D1B21E /* CCMTests.xctest */;
			productType = "com.apple.product-type.bundle.unit-test";
		};
		767A9C3B2D13B9B100D1B21E /* CCMUITests */ = {
			isa = PBXNativeTarget;
			buildConfigurationList = 767A9C4C2D13B9B100D1B21E /* Build configuration list for PBXNativeTarget "CCMUITests" */;
			buildPhases = (
				767A9C382D13B9B100D1B21E /* Sources */,
				767A9C392D13B9B100D1B21E /* Frameworks */,
				767A9C3A2D13B9B100D1B21E /* Resources */,
			);
			buildRules = (
			);
			dependencies = (
				767A9C3E2D13B9B100D1B21E /* PBXTargetDependency */,
			);
			fileSystemSynchronizedGroups = (
				767A9C3F2D13B9B100D1B21E /* CCMUITests */,
			);
			name = CCMUITests;
			packageProductDependencies = (
			);
			productName = CCMUITests;
			productReference = 767A9C3C2D13B9B100D1B21E /* CCMUITests.xctest */;
			productType = "com.apple.product-type.bundle.ui-testing";
		};
/* End PBXNativeTarget section */

/* Begin PBXProject section */
		767A9C152D13B9AF00D1B21E /* Project object */ = {
			isa = PBXProject;
			attributes = {
				BuildIndependentTargetsInParallel = 1;
				LastSwiftUpdateCheck = 1620;
				LastUpgradeCheck = 1620;
				TargetAttributes = {
					767A9C1C2D13B9AF00D1B21E = {
						CreatedOnToolsVersion = 16.2;
					};
					767A9C312D13B9B100D1B21E = {
						CreatedOnToolsVersion = 16.2;
						TestTargetID = 767A9C1C2D13B9AF00D1B21E;
					};
					767A9C3B2D13B9B100D1B21E = {
						CreatedOnToolsVersion = 16.2;
						TestTargetID = 767A9C1C2D13B9AF00D1B21E;
					};
				};
			};
			buildConfigurationList = 767A9C182D13B9AF00D1B21E /* Build configuration list for PBXProject "CCM" */;
			developmentRegion = en;
			hasScannedForEncodings = 0;
			knownRegions = (
				en,
				Base,
			);
			mainGroup = 767A9C142D13B9AF00D1B21E;
			minimizedProjectReferenceProxies = 1;
			preferredProjectObjectVersion = 77;
			productRefGroup = 767A9C1E2D13B9AF00D1B21E /* Products */;
			projectDirPath = "";
			projectRoot = "";
			targets = (
				767A9C1C2D13B9AF00D1B21E /* CCM */,
				767A9C312D13B9B100D1B21E /* CCMTests */,
				767A9C3B2D13B9B100D1B21E /* CCMUITests */,
			);
		};
/* End PBXProject section */

/* Begin PBXResourcesBuildPhase section */
		767A9C1B2D13B9AF00D1B21E /* Resources */ = {
			isa = PBXResourcesBuildPhase;
			buildActionMask = 2147483647;
			files = (
			);
			runOnlyForDeploymentPostprocessing = 0;
		};
		767A9C302D13B9B100D1B21E /* Resources */ = {
			isa = PBXResourcesBuildPhase;
			buildActionMask = 2147483647;
			files = (
			);
			runOnlyForDeploymentPostprocessing = 0;
		};
		767A9C3A2D13B9B100D1B21E /* Resources */ = {
			isa = PBXResourcesBuildPhase;
			buildActionMask = 2147483647;
			files = (
			);
			runOnlyForDeploymentPostprocessing = 0;
		};
/* End PBXResourcesBuildPhase section */

/* Begin PBXSourcesBuildPhase section */
		767A9C192D13B9AF00D1B21E /* Sources */ = {
			isa = PBXSourcesBuildPhase;
			buildActionMask = 2147483647;
			files = (
			);
			runOnlyForDeploymentPostprocessing = 0;
		};
		767A9C2E2D13B9B100D1B21E /* Sources */ = {
			isa = PBXSourcesBuildPhase;
			buildActionMask = 2147483647;
			files = (
			);
			runOnlyForDeploymentPostprocessing = 0;
		};
		767A9C382D13B9B100D1B21E /* Sources */ = {
			isa = PBXSourcesBuildPhase;
			buildActionMask = 2147483647;
			files = (
			);
			runOnlyForDeploymentPostprocessing = 0;
		};
/* End PBXSourcesBuildPhase section */

/* Begin PBXTargetDependency section */
		767A9C342D13B9B100D1B21E /* PBXTargetDependency */ = {
			isa = PBXTargetDependency;
			target = 767A9C1C2D13B9AF00D1B21E /* CCM */;
			targetProxy = 767A9C332D13B9B100D1B21E /* PBXContainerItemProxy */;
		};
		767A9C3E2D13B9B100D1B21E /* PBXTargetDependency */ = {
			isa = PBXTargetDependency;
			target = 767A9C1C2D13B9AF00D1B21E /* CCM */;
			targetProxy = 767A9C3D2D13B9B100D1B21E /* PBXContainerItemProxy */;
		};
/* End PBXTargetDependency section */

/* Begin XCBuildConfiguration section */
		767A9C442D13B9B100D1B21E /* Debug */ = {
			isa = XCBuildConfiguration;
			buildSettings = {
				ALWAYS_SEARCH_USER_PATHS = NO;
				ASSETCATALOG_COMPILER_GENERATE_SWIFT_ASSET_SYMBOL_EXTENSIONS = YES;
				CLANG_ANALYZER_NONNULL = YES;
				CLANG_ANALYZER_NUMBER_OBJECT_CONVERSION = YES_AGGRESSIVE;
				CLANG_CXX_LANGUAGE_STANDARD = "gnu++20";
				CLANG_ENABLE_MODULES = YES;
				CLANG_ENABLE_OBJC_ARC = YES;
				CLANG_ENABLE_OBJC_WEAK = YES;
				CLANG_WARN_BLOCK_CAPTURE_AUTORELEASING = YES;
				CLANG_WARN_BOOL_CONVERSION = YES;
				CLANG_WARN_COMMA = YES;
				CLANG_WARN_CONSTANT_CONVERSION = YES;
				CLANG_WARN_DEPRECATED_OBJC_IMPLEMENTATIONS = YES;
				CLANG_WARN_DIRECT_OBJC_ISA_USAGE = YES_ERROR;
				CLANG_WARN_DOCUMENTATION_COMMENTS = YES;
				CLANG_WARN_EMPTY_BODY = YES;
				CLANG_WARN_ENUM_CONVERSION = YES;
				CLANG_WARN_INFINITE_RECURSION = YES;
				CLANG_WARN_INT_CONVERSION = YES;
				CLANG_WARN_NON_LITERAL_NULL_CONVERSION = YES;
				CLANG_WARN_OBJC_IMPLICIT_RETAIN_SELF = YES;
				CLANG_WARN_OBJC_LITERAL_CONVERSION = YES;
				CLANG_WARN_OBJC_ROOT_CLASS = YES_ERROR;
				CLANG_WARN_QUOTED_INCLUDE_IN_FRAMEWORK_HEADER = YES;
				CLANG_WARN_RANGE_LOOP_ANALYSIS = YES;
				CLANG_WARN_STRICT_PROTOTYPES = YES;
				CLANG_WARN_SUSPICIOUS_MOVE = YES;
				CLANG_WARN_UNGUARDED_AVAILABILITY = YES_AGGRESSIVE;
				CLANG_WARN_UNREACHABLE_CODE = YES;
				CLANG_WARN__DUPLICATE_METHOD_MATCH = YES;
				COPY_PHASE_STRIP = NO;
				DEBUG_INFORMATION_FORMAT = dwarf;
				ENABLE_STRICT_OBJC_MSGSEND = YES;
				ENABLE_TESTABILITY = YES;
				ENABLE_USER_SCRIPT_SANDBOXING = YES;
				GCC_C_LANGUAGE_STANDARD = gnu17;
				GCC_DYNAMIC_NO_PIC = NO;
				GCC_NO_COMMON_BLOCKS = YES;
				GCC_OPTIMIZATION_LEVEL = 0;
				GCC_PREPROCESSOR_DEFINITIONS = (
					"DEBUG=1",
					"$(inherited)",
				);
				GCC_WARN_64_TO_32_BIT_CONVERSION = YES;
				GCC_WARN_ABOUT_RETURN_TYPE = YES_ERROR;
				GCC_WARN_UNDECLARED_SELECTOR = YES;
				GCC_WARN_UNINITIALIZED_AUTOS = YES_AGGRESSIVE;
				GCC_WARN_UNUSED_FUNCTION = YES;
				GCC_WARN_UNUSED_VARIABLE = YES;
				IPHONEOS_DEPLOYMENT_TARGET = 18.2;
				LOCALIZATION_PREFERS_STRING_CATALOGS = YES;
				MTL_ENABLE_DEBUG_INFO = INCLUDE_SOURCE;
				MTL_FAST_MATH = YES;
				ONLY_ACTIVE_ARCH = YES;
				SDKROOT = iphoneos;
				SWIFT_ACTIVE_COMPILATION_CONDITIONS = "DEBUG $(inherited)";
				SWIFT_OPTIMIZATION_LEVEL = "-Onone";
			};
			name = Debug;
		};
		767A9C452D13B9B100D1B21E /* Release */ = {
			isa = XCBuildConfiguration;
			buildSettings = {
				ALWAYS_SEARCH_USER_PATHS = NO;
				ASSETCATALOG_COMPILER_GENERATE_SWIFT_ASSET_SYMBOL_EXTENSIONS = YES;
				CLANG_ANALYZER_NONNULL = YES;
				CLANG_ANALYZER_NUMBER_OBJECT_CONVERSION = YES_AGGRESSIVE;
				CLANG_CXX_LANGUAGE_STANDARD = "gnu++20";
				CLANG_ENABLE_MODULES = YES;
				CLANG_ENABLE_OBJC_ARC = YES;
				CLANG_ENABLE_OBJC_WEAK = YES;
				CLANG_WARN_BLOCK_CAPTURE_AUTORELEASING = YES;
				CLANG_WARN_BOOL_CONVERSION = YES;
				CLANG_WARN_COMMA = YES;
				CLANG_WARN_CONSTANT_CONVERSION = YES;
				CLANG_WARN_DEPRECATED_OBJC_IMPLEMENTATIONS = YES;
				CLANG_WARN_DIRECT_OBJC_ISA_USAGE = YES_ERROR;
				CLANG_WARN_DOCUMENTATION_COMMENTS = YES;
				CLANG_WARN_EMPTY_BODY = YES;
				CLANG_WARN_ENUM_CONVERSION = YES;
				CLANG_WARN_INFINITE_RECURSION = YES;
				CLANG_WARN_INT_CONVERSION = YES;
				CLANG_WARN_NON_LITERAL_NULL_CONVERSION = YES;
				CLANG_WARN_OBJC_IMPLICIT_RETAIN_SELF = YES;
				CLANG_WARN_OBJC_LITERAL_CONVERSION = YES;
				CLANG_WARN_OBJC_ROOT_CLASS = YES_ERROR;
				CLANG_WARN_QUOTED_INCLUDE_IN_FRAMEWORK_HEADER = YES;
				CLANG_WARN_RANGE_LOOP_ANALYSIS = YES;
				CLANG_WARN_STRICT_PROTOTYPES = YES;
				CLANG_WARN_SUSPICIOUS_MOVE = YES;
				CLANG_WARN_UNGUARDED_AVAILABILITY = YES_AGGRESSIVE;
				CLANG_WARN_UNREACHABLE_CODE = YES;
				CLANG_WARN__DUPLICATE_METHOD_MATCH = YES;
				COPY_PHASE_STRIP = NO;
				DEBUG_INFORMATION_FORMAT = "dwarf-with-dsym";
				ENABLE_NS_ASSERTIONS = NO;
				ENABLE_STRICT_OBJC_MSGSEND = YES;
				ENABLE_USER_SCRIPT_SANDBOXING = YES;
				GCC_C_LANGUAGE_STANDARD = gnu17;
				GCC_NO_COMMON_BLOCKS = YES;
				GCC_WARN_64_TO_32_BIT_CONVERSION = YES;
				GCC_WARN_ABOUT_RETURN_TYPE = YES_ERROR;
				GCC_WARN_UNDECLARED_SELECTOR = YES;
				GCC_WARN_UNINITIALIZED_AUTOS = YES_AGGRESSIVE;
				GCC_WARN_UNUSED_FUNCTION = YES;
				GCC_WARN_UNUSED_VARIABLE = YES;
				IPHONEOS_DEPLOYMENT_TARGET = 18.2;
				LOCALIZATION_PREFERS_STRING_CATALOGS = YES;
				MTL_ENABLE_DEBUG_INFO = NO;
				MTL_FAST_MATH = YES;
				SDKROOT = iphoneos;
				SWIFT_COMPILATION_MODE = wholemodule;
				VALIDATE_PRODUCT = YES;
			};
			name = Release;
		};
		767A9C472D13B9B100D1B21E /* Debug */ = {
			isa = XCBuildConfiguration;
			buildSettings = {
				ASSETCATALOG_COMPILER_APPICON_NAME = AppIcon;
				ASSETCATALOG_COMPILER_GLOBAL_ACCENT_COLOR_NAME = AccentColor;
				CODE_SIGN_STYLE = Automatic;
				CURRENT_PROJECT_VERSION = 1;
				DEVELOPMENT_ASSET_PATHS = "\"CCM/Preview Content\"";
				DEVELOPMENT_TEAM = 226UDD7K42;
				ENABLE_PREVIEWS = YES;
				GENERATE_INFOPLIST_FILE = YES;
				INFOPLIST_KEY_UIApplicationSceneManifest_Generation = YES;
				INFOPLIST_KEY_UIApplicationSupportsIndirectInputEvents = YES;
				INFOPLIST_KEY_UILaunchScreen_Generation = YES;
				INFOPLIST_KEY_UISupportedInterfaceOrientations_iPad = "UIInterfaceOrientationPortrait UIInterfaceOrientationPortraitUpsideDown UIInterfaceOrientationLandscapeLeft UIInterfaceOrientationLandscapeRight";
				INFOPLIST_KEY_UISupportedInterfaceOrientations_iPhone = "UIInterfaceOrientationPortrait UIInterfaceOrientationLandscapeLeft UIInterfaceOrientationLandscapeRight";
				LD_RUNPATH_SEARCH_PATHS = (
					"$(inherited)",
					"@executable_path/Frameworks",
				);
				MARKETING_VERSION = 1.0;
				PRODUCT_BUNDLE_IDENTIFIER = CongCongEdu.CCM;
				PRODUCT_NAME = "$(TARGET_NAME)";
				SWIFT_EMIT_LOC_STRINGS = YES;
				SWIFT_VERSION = 5.0;
				TARGETED_DEVICE_FAMILY = "1,2";
			};
			name = Debug;
		};
		767A9C482D13B9B100D1B21E /* Release */ = {
			isa = XCBuildConfiguration;
			buildSettings = {
				ASSETCATALOG_COMPILER_APPICON_NAME = AppIcon;
				ASSETCATALOG_COMPILER_GLOBAL_ACCENT_COLOR_NAME = AccentColor;
				CODE_SIGN_STYLE = Automatic;
				CURRENT_PROJECT_VERSION = 1;
				DEVELOPMENT_ASSET_PATHS = "\"CCM/Preview Content\"";
				DEVELOPMENT_TEAM = 226UDD7K42;
				ENABLE_PREVIEWS = YES;
				GENERATE_INFOPLIST_FILE = YES;
				INFOPLIST_KEY_UIApplicationSceneManifest_Generation = YES;
				INFOPLIST_KEY_UIApplicationSupportsIndirectInputEvents = YES;
				INFOPLIST_KEY_UILaunchScreen_Generation = YES;
				INFOPLIST_KEY_UISupportedInterfaceOrientations_iPad = "UIInterfaceOrientationPortrait UIInterfaceOrientationPortraitUpsideDown UIInterfaceOrientationLandscapeLeft UIInterfaceOrientationLandscapeRight";
				INFOPLIST_KEY_UISupportedInterfaceOrientations_iPhone = "UIInterfaceOrientationPortrait UIInterfaceOrientationLandscapeLeft UIInterfaceOrientationLandscapeRight";
				LD_RUNPATH_SEARCH_PATHS = (
					"$(inherited)",
					"@executable_path/Frameworks",
				);
				MARKETING_VERSION = 1.0;
				PRODUCT_BUNDLE_IDENTIFIER = CongCongEdu.CCM;
				PRODUCT_NAME = "$(TARGET_NAME)";
				SWIFT_EMIT_LOC_STRINGS = YES;
				SWIFT_VERSION = 5.0;
				TARGETED_DEVICE_FAMILY = "1,2";
			};
			name = Release;
		};
		767A9C4A2D13B9B100D1B21E /* Debug */ = {
			isa = XCBuildConfiguration;
			buildSettings = {
				BUNDLE_LOADER = "$(TEST_HOST)";
				CODE_SIGN_STYLE = Automatic;
				CURRENT_PROJECT_VERSION = 1;
				DEVELOPMENT_TEAM = 226UDD7K42;
				GENERATE_INFOPLIST_FILE = YES;
				IPHONEOS_DEPLOYMENT_TARGET = 18.2;
				MARKETING_VERSION = 1.0;
				PRODUCT_BUNDLE_IDENTIFIER = CongCongEdu.CCMTests;
				PRODUCT_NAME = "$(TARGET_NAME)";
				SWIFT_EMIT_LOC_STRINGS = NO;
				SWIFT_VERSION = 5.0;
				TARGETED_DEVICE_FAMILY = "1,2";
				TEST_HOST = "$(BUILT_PRODUCTS_DIR)/CCM.app/$(BUNDLE_EXECUTABLE_FOLDER_PATH)/CCM";
			};
			name = Debug;
		};
		767A9C4B2D13B9B100D1B21E /* Release */ = {
			isa = XCBuildConfiguration;
			buildSettings = {
				BUNDLE_LOADER = "$(TEST_HOST)";
				CODE_SIGN_STYLE = Automatic;
				CURRENT_PROJECT_VERSION = 1;
				DEVELOPMENT_TEAM = 226UDD7K42;
				GENERATE_INFOPLIST_FILE = YES;
				IPHONEOS_DEPLOYMENT_TARGET = 18.2;
				MARKETING_VERSION = 1.0;
				PRODUCT_BUNDLE_IDENTIFIER = CongCongEdu.CCMTests;
				PRODUCT_NAME = "$(TARGET_NAME)";
				SWIFT_EMIT_LOC_STRINGS = NO;
				SWIFT_VERSION = 5.0;
				TARGETED_DEVICE_FAMILY = "1,2";
				TEST_HOST = "$(BUILT_PRODUCTS_DIR)/CCM.app/$(BUNDLE_EXECUTABLE_FOLDER_PATH)/CCM";
			};
			name = Release;
		};
		767A9C4D2D13B9B100D1B21E /* Debug */ = {
			isa = XCBuildConfiguration;
			buildSettings = {
				CODE_SIGN_STYLE = Automatic;
				CURRENT_PROJECT_VERSION = 1;
				DEVELOPMENT_TEAM = 226UDD7K42;
				GENERATE_INFOPLIST_FILE = YES;
				MARKETING_VERSION = 1.0;
				PRODUCT_BUNDLE_IDENTIFIER = CongCongEdu.CCMUITests;
				PRODUCT_NAME = "$(TARGET_NAME)";
				SWIFT_EMIT_LOC_STRINGS = NO;
				SWIFT_VERSION = 5.0;
				TARGETED_DEVICE_FAMILY = "1,2";
				TEST_TARGET_NAME = CCM;
			};
			name = Debug;
		};
		767A9C4E2D13B9B100D1B21E /* Release */ = {
			isa = XCBuildConfiguration;
			buildSettings = {
				CODE_SIGN_STYLE = Automatic;
				CURRENT_PROJECT_VERSION = 1;
				DEVELOPMENT_TEAM = 226UDD7K42;
				GENERATE_INFOPLIST_FILE = YES;
				MARKETING_VERSION = 1.0;
				PRODUCT_BUNDLE_IDENTIFIER = CongCongEdu.CCMUITests;
				PRODUCT_NAME = "$(TARGET_NAME)";
				SWIFT_EMIT_LOC_STRINGS = NO;
				SWIFT_VERSION = 5.0;
				TARGETED_DEVICE_FAMILY = "1,2";
				TEST_TARGET_NAME = CCM;
			};
			name = Release;
		};
/* End XCBuildConfiguration section */

/* Begin XCConfigurationList section */
		767A9C182D13B9AF00D1B21E /* Build configuration list for PBXProject "CCM" */ = {
			isa = XCConfigurationList;
			buildConfigurations = (
				767A9C442D13B9B100D1B21E /* Debug */,
				767A9C452D13B9B100D1B21E /* Release */,
			);
			defaultConfigurationIsVisible = 0;
			defaultConfigurationName = Release;
		};
		767A9C462D13B9B100D1B21E /* Build configuration list for PBXNativeTarget "CCM" */ = {
			isa = XCConfigurationList;
			buildConfigurations = (
				767A9C472D13B9B100D1B21E /* Debug */,
				767A9C482D13B9B100D1B21E /* Release */,
			);
			defaultConfigurationIsVisible = 0;
			defaultConfigurationName = Release;
		};
		767A9C492D13B9B100D1B21E /* Build configuration list for PBXNativeTarget "CCMTests" */ = {
			isa = XCConfigurationList;
			buildConfigurations = (
				767A9C4A2D13B9B100D1B21E /* Debug */,
				767A9C4B2D13B9B100D1B21E /* Release */,
			);
			defaultConfigurationIsVisible = 0;
			defaultConfigurationName = Release;
		};
		767A9C4C2D13B9B100D1B21E /* Build configuration list for PBXNativeTarget "CCMUITests" */ = {
			isa = XCConfigurationList;
			buildConfigurations = (
				767A9C4D2D13B9B100D1B21E /* Debug */,
				767A9C4E2D13B9B100D1B21E /* Release */,
			);
			defaultConfigurationIsVisible = 0;
			defaultConfigurationName = Release;
		};
/* End XCConfigurationList section */
	};
	rootObject = 767A9C152D13B9AF00D1B21E /* Project object */;
}
